
Microsoft Visual Studio Solution File, Format Version 12.00
# Visual Studio 2013
VisualStudioVersion = 12.0.31101.0
MinimumVisualStudioVersion = 10.0.40219.1
Project("{FAE04EC0-301F-11D3-BF4B-00C04F79EFBC}") = "CloudBox.WebUI", "CloudBox.WebUI\CloudBox.WebUI.csproj", "{763C8A11-5A87-47D1-AEF1-891467D95CC9}"
	ProjectSection(ProjectDependencies) = postProject
		{E292EA46-60B1-4DFB-AD46-0782EE00DDFA} = {E292EA46-60B1-4DFB-AD46-0782EE00DDFA}
	EndProjectSection
EndProject
Project("{FAE04EC0-301F-11D3-BF4B-00C04F79EFBC}") = "CloudBox.WPFClient", "CloudBox.WPFClient\CloudBox.WPFClient.csproj", "{6215A52E-CB93-4B67-BBA3-6761A5D969FC}"
	ProjectSection(ProjectDependencies) = postProject
		{E292EA46-60B1-4DFB-AD46-0782EE00DDFA} = {E292EA46-60B1-4DFB-AD46-0782EE00DDFA}
	EndProjectSection
EndProject
Project("{FAE04EC0-301F-11D3-BF4B-00C04F79EFBC}") = "CloudBox.WCFService", "CloudBox.WCFService\CloudBox.WCFService.csproj", "{E292EA46-60B1-4DFB-AD46-0782EE00DDFA}"
EndProject
Project("{FAE04EC0-301F-11D3-BF4B-00C04F79EFBC}") = "CloudBox.WCFServiceHost", "CloudBox.WCFServiceHost\CloudBox.WCFServiceHost.csproj", "{E85ADA2D-DD3A-4A2C-A5D1-AF067241F745}"
	ProjectSection(ProjectDependencies) = postProject
		{E292EA46-60B1-4DFB-AD46-0782EE00DDFA} = {E292EA46-60B1-4DFB-AD46-0782EE00DDFA}
	EndProjectSection
EndProject
Global
	GlobalSection(SolutionConfigurationPlatforms) = preSolution
		Debug|Any CPU = Debug|Any CPU
		Release|Any CPU = Release|Any CPU
	EndGlobalSection
	GlobalSection(ProjectConfigurationPlatforms) = postSolution
		{763C8A11-5A87-47D1-AEF1-891467D95CC9}.Debug|Any CPU.ActiveCfg = Debug|Any CPU
		{763C8A11-5A87-47D1-AEF1-891467D95CC9}.Debug|Any CPU.Build.0 = Debug|Any CPU
		{763C8A11-5A87-47D1-AEF1-891467D95CC9}.Release|Any CPU.ActiveCfg = Release|Any CPU
		{763C8A11-5A87-47D1-AEF1-891467D95CC9}.Release|Any CPU.Build.0 = Release|Any CPU
		{6215A52E-CB93-4B67-BBA3-6761A5D969FC}.Debug|Any CPU.ActiveCfg = Debug|Any CPU
		{6215A52E-CB93-4B67-BBA3-6761A5D969FC}.Debug|Any CPU.Build.0 = Debug|Any CPU
		{6215A52E-CB93-4B67-BBA3-6761A5D969FC}.Release|Any CPU.ActiveCfg = Release|Any CPU
		{6215A52E-CB93-4B67-BBA3-6761A5D969FC}.Release|Any CPU.Build.0 = Release|Any CPU
		{E292EA46-60B1-4DFB-AD46-0782EE00DDFA}.Debug|Any CPU.ActiveCfg = Debug|Any CPU
		{E292EA46-60B1-4DFB-AD46-0782EE00DDFA}.Debug|Any CPU.Build.0 = Debug|Any CPU
		{E292EA46-60B1-4DFB-AD46-0782EE00DDFA}.Release|Any CPU.ActiveCfg = Release|Any CPU
		{E292EA46-60B1-4DFB-AD46-0782EE00DDFA}.Release|Any CPU.Build.0 = Release|Any CPU
		{E85ADA2D-DD3A-4A2C-A5D1-AF067241F745}.Debug|Any CPU.ActiveCfg = Debug|Any CPU
		{E85ADA2D-DD3A-4A2C-A5D1-AF067241F745}.Debug|Any CPU.Build.0 = Debug|Any CPU
		{E85ADA2D-DD3A-4A2C-A5D1-AF067241F745}.Release|Any CPU.ActiveCfg = Release|Any CPU
		{E85ADA2D-DD3A-4A2C-A5D1-AF067241F745}.Release|Any CPU.Build.0 = Release|Any CPU
	EndGlobalSection
	GlobalSection(SolutionProperties) = preSolution
		HideSolutionNode = FALSE
	EndGlobalSection
EndGlobal
