
Microsoft Visual Studio Solution File, Format Version 12.00
# Visual Studio 2013
VisualStudioVersion = 12.0.31101.0
MinimumVisualStudioVersion = 10.0.40219.1
Project("{FAE04EC0-301F-11D3-BF4B-00C04F79EFBC}") = "CloudBox.WebUI", "CloudBox.WebUI\CloudBox.WebUI.csproj", "{763C8A11-5A87-47D1-AEF1-891467D95CC9}"
	ProjectSection(ProjectDependencies) = postProject
		{CBA82C6D-ABB7-4DE4-805E-7098E57878F7} = {CBA82C6D-ABB7-4DE4-805E-7098E57878F7}
	EndProjectSection
EndProject
Project("{FAE04EC0-301F-11D3-BF4B-00C04F79EFBC}") = "CloudBox.WPFClient", "CloudBox.WPFClient\CloudBox.WPFClient.csproj", "{6215A52E-CB93-4B67-BBA3-6761A5D969FC}"
	ProjectSection(ProjectDependencies) = postProject
		{CBA82C6D-ABB7-4DE4-805E-7098E57878F7} = {CBA82C6D-ABB7-4DE4-805E-7098E57878F7}
	EndProjectSection
EndProject
Project("{FAE04EC0-301F-11D3-BF4B-00C04F79EFBC}") = "CloudBoxService", "..\..\..\.Net Training\TEMP\CloudBoxService\CloudBoxService\CloudBoxService.csproj", "{CBA82C6D-ABB7-4DE4-805E-7098E57878F7}"
EndProject
Project("{FAE04EC0-301F-11D3-BF4B-00C04F79EFBC}") = "CloudBoxServiceHost", "..\..\..\.Net Training\TEMP\CloudBoxService\CloudBoxServiceHost\CloudBoxServiceHost.csproj", "{A5D34EA3-D0B4-4545-B236-24984A63BF47}"
EndProject
Global
	GlobalSection(SolutionConfigurationPlatforms) = preSolution
		Debug|Any CPU = Debug|Any CPU
		Release|Any CPU = Release|Any CPU
	EndGlobalSection
	GlobalSection(ProjectConfigurationPlatforms) = postSolution
		{763C8A11-5A87-47D1-AEF1-891467D95CC9}.Debug|Any CPU.ActiveCfg = Debug|Any CPU
		{763C8A11-5A87-47D1-AEF1-891467D95CC9}.Debug|Any CPU.Build.0 = Debug|Any CPU
		{763C8A11-5A87-47D1-AEF1-891467D95CC9}.Release|Any CPU.ActiveCfg = Release|Any CPU
		{763C8A11-5A87-47D1-AEF1-891467D95CC9}.Release|Any CPU.Build.0 = Release|Any CPU
		{6215A52E-CB93-4B67-BBA3-6761A5D969FC}.Debug|Any CPU.ActiveCfg = Debug|Any CPU
		{6215A52E-CB93-4B67-BBA3-6761A5D969FC}.Debug|Any CPU.Build.0 = Debug|Any CPU
		{6215A52E-CB93-4B67-BBA3-6761A5D969FC}.Release|Any CPU.ActiveCfg = Release|Any CPU
		{6215A52E-CB93-4B67-BBA3-6761A5D969FC}.Release|Any CPU.Build.0 = Release|Any CPU
		{CBA82C6D-ABB7-4DE4-805E-7098E57878F7}.Debug|Any CPU.ActiveCfg = Debug|Any CPU
		{CBA82C6D-ABB7-4DE4-805E-7098E57878F7}.Debug|Any CPU.Build.0 = Debug|Any CPU
		{CBA82C6D-ABB7-4DE4-805E-7098E57878F7}.Release|Any CPU.ActiveCfg = Release|Any CPU
		{CBA82C6D-ABB7-4DE4-805E-7098E57878F7}.Release|Any CPU.Build.0 = Release|Any CPU
		{A5D34EA3-D0B4-4545-B236-24984A63BF47}.Debug|Any CPU.ActiveCfg = Debug|Any CPU
		{A5D34EA3-D0B4-4545-B236-24984A63BF47}.Debug|Any CPU.Build.0 = Debug|Any CPU
		{A5D34EA3-D0B4-4545-B236-24984A63BF47}.Release|Any CPU.ActiveCfg = Release|Any CPU
		{A5D34EA3-D0B4-4545-B236-24984A63BF47}.Release|Any CPU.Build.0 = Release|Any CPU
	EndGlobalSection
	GlobalSection(SolutionProperties) = preSolution
		HideSolutionNode = FALSE
	EndGlobalSection
EndGlobal
